
Microsoft Visual Studio Solution File, Format Version 12.00
# Visual Studio Version 17
VisualStudioVersion = 17.14.36119.2 d17.14
MinimumVisualStudioVersion = 10.0.40219.1
Project("{FAE04EC0-301F-11D3-BF4B-00C04F79EFBC}") = "CinemaClient", "CinemaClient\CinemaClient.csproj", "{C9BEAD0B-DA8A-44E7-A21C-CE4CC829B579}"
EndProject
Global
	GlobalSection(SolutionConfigurationPlatforms) = preSolution
		Debug|Any CPU = Debug|Any CPU
		Release|Any CPU = Release|Any CPU
	EndGlobalSection
	GlobalSection(ProjectConfigurationPlatforms) = postSolution
		{C9BEAD0B-DA8A-44E7-A21C-CE4CC829B579}.Debug|Any CPU.ActiveCfg = Debug|Any CPU
		{C9BEAD0B-DA8A-44E7-A21C-CE4CC829B579}.Debug|Any CPU.Build.0 = Debug|Any CPU
		{C9BEAD0B-DA8A-44E7-A21C-CE4CC829B579}.Release|Any CPU.ActiveCfg = Release|Any CPU
		{C9BEAD0B-DA8A-44E7-A21C-CE4CC829B579}.Release|Any CPU.Build.0 = Release|Any CPU
	EndGlobalSection
	GlobalSection(SolutionProperties) = preSolution
		HideSolutionNode = FALSE
	EndGlobalSection
	GlobalSection(ExtensibilityGlobals) = postSolution
		SolutionGuid = {6E86340C-6C0B-401F-850A-A85CF19C8833}
	EndGlobalSection
EndGlobal
